
Microsoft Visual Studio Solution File, Format Version 11.00
# Visual Studio 2010
Project("{FAE04EC0-301F-11D3-BF4B-00C04F79EFBC}") = "Assembly-CSharp", "Assembly-CSharp.csproj", "{1C4157EC-8379-4B30-68C5-E15418EA449B}"
EndProject
Project("{FAE04EC0-301F-11D3-BF4B-00C04F79EFBC}") = "Assembly-CSharp-Editor", "Assembly-CSharp-Editor.csproj", "{D9006CF0-3F28-7A20-A99B-6260E22F423E}"
EndProject
Global
	GlobalSection(SolutionConfigurationPlatforms) = preSolution
		Debug|Any CPU = Debug|Any CPU
		Release|Any CPU = Release|Any CPU
	EndGlobalSection
	GlobalSection(ProjectConfigurationPlatforms) = postSolution
		{1C4157EC-8379-4B30-68C5-E15418EA449B}.Debug|Any CPU.ActiveCfg = Debug|Any CPU
		{1C4157EC-8379-4B30-68C5-E15418EA449B}.Debug|Any CPU.Build.0 = Debug|Any CPU
		{1C4157EC-8379-4B30-68C5-E15418EA449B}.Release|Any CPU.ActiveCfg = Release|Any CPU
		{1C4157EC-8379-4B30-68C5-E15418EA449B}.Release|Any CPU.Build.0 = Release|Any CPU
		{D9006CF0-3F28-7A20-A99B-6260E22F423E}.Debug|Any CPU.ActiveCfg = Debug|Any CPU
		{D9006CF0-3F28-7A20-A99B-6260E22F423E}.Debug|Any CPU.Build.0 = Debug|Any CPU
		{D9006CF0-3F28-7A20-A99B-6260E22F423E}.Release|Any CPU.ActiveCfg = Release|Any CPU
		{D9006CF0-3F28-7A20-A99B-6260E22F423E}.Release|Any CPU.Build.0 = Release|Any CPU
	EndGlobalSection
	GlobalSection(SolutionProperties) = preSolution
		HideSolutionNode = FALSE
	EndGlobalSection
EndGlobal
