
Microsoft Visual Studio Solution File, Format Version 12.00
# Visual Studio 15
Project("{FAE04EC0-301F-11D3-BF4B-00C04F79EFBC}") = "Assembly-CSharp", "Assembly-CSharp.csproj", "{00F0FBEC-D625-AE23-61CC-CA4E6F62FFF4}"
EndProject
Project("{FAE04EC0-301F-11D3-BF4B-00C04F79EFBC}") = "Assembly-CSharp-Editor", "Assembly-CSharp-Editor.csproj", "{AA1F5418-D39D-FFAE-1CEA-8346F9D85225}"
EndProject
Global
	GlobalSection(SolutionConfigurationPlatforms) = preSolution
		Debug|Any CPU = Debug|Any CPU
		Release|Any CPU = Release|Any CPU
	EndGlobalSection
	GlobalSection(ProjectConfigurationPlatforms) = postSolution
		{00F0FBEC-D625-AE23-61CC-CA4E6F62FFF4}.Debug|Any CPU.ActiveCfg = Debug|Any CPU
		{00F0FBEC-D625-AE23-61CC-CA4E6F62FFF4}.Debug|Any CPU.Build.0 = Debug|Any CPU
		{00F0FBEC-D625-AE23-61CC-CA4E6F62FFF4}.Release|Any CPU.ActiveCfg = Release|Any CPU
		{00F0FBEC-D625-AE23-61CC-CA4E6F62FFF4}.Release|Any CPU.Build.0 = Release|Any CPU
		{AA1F5418-D39D-FFAE-1CEA-8346F9D85225}.Debug|Any CPU.ActiveCfg = Debug|Any CPU
		{AA1F5418-D39D-FFAE-1CEA-8346F9D85225}.Debug|Any CPU.Build.0 = Debug|Any CPU
		{AA1F5418-D39D-FFAE-1CEA-8346F9D85225}.Release|Any CPU.ActiveCfg = Release|Any CPU
		{AA1F5418-D39D-FFAE-1CEA-8346F9D85225}.Release|Any CPU.Build.0 = Release|Any CPU
	EndGlobalSection
	GlobalSection(SolutionProperties) = preSolution
		HideSolutionNode = FALSE
	EndGlobalSection
EndGlobal
